{
  "markbot": "a78e6afb197c6c6272ed71509b318d4f84094d32362660c68c5e41d12be717b3",
  "index.html": "47139a33c27bcfdc70b47cd5c149a8778052d678ed6041db4a1974108b89e94b",
  "index-320.png": "cc55c614faa432ad31c1d97df938e83282d789f6215fbbd22a0e051e5f1aa36f",
  "index-400.png": "1de063b711aef5bd85461a3a6b27cd2a160d3a6fca36e84146e3fc2da43efbfa",
  "index-650.png": "f0c0ad8441c9db45f3e3d2a0b0e5b8a68fd1da9f5f31815b1f3d6809ae2fb34a",
  "index-980.png": "7107f1de3d34ad9ca8dbe3eaa603276b163a2b671356b02e3965cf2283f11985",
  "index-1400.png": "79f6793113d54be784e9f90f9db20fa9beab70461c48e36a3a90e4c2ba482a6e"
}