{
  "markbot": "605c75af1353987bd914bb59b7a380ca86b1cb3acb62e151488cfbfe31a394da",
  "index.html": "47139a33c27bcfdc70b47cd5c149a8778052d678ed6041db4a1974108b89e94b",
  "index-320.png": "ff7ed25aede18a6fb0141cac67e83d40ec2433c8b2f3ecaf1b2439b2d3b80998",
  "index-400.png": "956d2534e26117caef4b0c091882666d68da7add2b9d488e39885a4806d4d1ec",
  "index-650.png": "23f250754f45a718cca383e5f238d91a99a9b4320600d255215b0a6ad1c0df23",
  "index-980.png": "627cabf6baa85f0fa3c6354fd03d06344bd2ddcab655c0d5d98bf247940d133a",
  "index-1400.png": "e11298ea2d9039c45b36b0b2344b7599b7815875eafea99470a43098e3c688a1"
}